
Microsoft Visual Studio Solution File, Format Version 12.00
# Visual Studio Version 17
VisualStudioVersion = 17.7.34031.279
MinimumVisualStudioVersion = 10.0.40219.1
Project("{FAE04EC0-301F-11D3-BF4B-00C04F79EFBC}") = "Task18", "Task18\Task18.csproj", "{6B1C595F-8931-432B-AF6F-B6FBEEB87720}"
EndProject
Global
	GlobalSection(SolutionConfigurationPlatforms) = preSolution
		Debug|Any CPU = Debug|Any CPU
		Release|Any CPU = Release|Any CPU
	EndGlobalSection
	GlobalSection(ProjectConfigurationPlatforms) = postSolution
		{6B1C595F-8931-432B-AF6F-B6FBEEB87720}.Debug|Any CPU.ActiveCfg = Debug|Any CPU
		{6B1C595F-8931-432B-AF6F-B6FBEEB87720}.Debug|Any CPU.Build.0 = Debug|Any CPU
		{6B1C595F-8931-432B-AF6F-B6FBEEB87720}.Release|Any CPU.ActiveCfg = Release|Any CPU
		{6B1C595F-8931-432B-AF6F-B6FBEEB87720}.Release|Any CPU.Build.0 = Release|Any CPU
	EndGlobalSection
	GlobalSection(SolutionProperties) = preSolution
		HideSolutionNode = FALSE
	EndGlobalSection
	GlobalSection(ExtensibilityGlobals) = postSolution
		SolutionGuid = {7A53E9CA-04B7-4F34-BA27-7E8950CA053E}
	EndGlobalSection
EndGlobal
